<?xml version="1.0" encoding="utf-8"?>
<Project ToolsVersion="4.0" xmlns="http://schemas.microsoft.com/developer/msbuild/2003">
  <ItemGroup>
    <Filter Include="소스 파일">
      <UniqueIdentifier>{4FC737F1-C7A5-4376-A066-2A32D752A2FF}</UniqueIdentifier>
      <Extensions>cpp;c;cc;cxx;def;odl;idl;hpj;bat;asm;asmx</Extensions>
    </Filter>
    <Filter Include="헤더 파일">
      <UniqueIdentifier>{93995380-89BD-4b04-88EB-625FBE52EBFB}</UniqueIdentifier>
      <Extensions>h;hh;hpp;hxx;hm;inl;inc;ipp;xsd</Extensions>
    </Filter>
    <Filter Include="리소스 파일">
      <UniqueIdentifier>{67DA6AB6-F800-4c08-8B7A-83BB121AAD01}</UniqueIdentifier>
      <Extensions>rc;ico;cur;bmp;dlg;rc2;rct;bin;rgs;gif;jpg;jpeg;jpe;resx;tiff;tif;png;wav;mfcribbon-ms</Extensions>
    </Filter>
    <Filter Include="Network">
      <UniqueIdentifier>{da18c067-137b-4191-bbc5-911196f16705}</UniqueIdentifier>
    </Filter>
    <Filter Include="Network\NetworkHeader">
      <UniqueIdentifier>{ced61fc6-5203-4a07-926a-bfacb9f6bd34}</UniqueIdentifier>
    </Filter>
    <Filter Include="Logger">
      <UniqueIdentifier>{ab9331ba-a78b-4603-b106-766ee70a4e13}</UniqueIdentifier>
    </Filter>
    <Filter Include="Network\SessionManager">
      <UniqueIdentifier>{e0ee5d6a-0e53-48da-bf83-8e5619e9682d}</UniqueIdentifier>
    </Filter>
    <Filter Include="Network\SessionManager\ClientSession">
      <UniqueIdentifier>{c9dd042c-42cb-4fe1-a44d-9119d96c2bb9}</UniqueIdentifier>
    </Filter>
    <Filter Include="Network\InGameManager">
      <UniqueIdentifier>{d6d71614-d26b-43d2-bd69-3bf4b16a46db}</UniqueIdentifier>
    </Filter>
    <Filter Include="Network\InGameManager\InGameRoom">
      <UniqueIdentifier>{a400624c-f9b4-4796-b046-56ababd23d38}</UniqueIdentifier>
    </Filter>
    <Filter Include="Network\PacketManager">
      <UniqueIdentifier>{16050d16-91af-4445-a4c2-b49754ea997d}</UniqueIdentifier>
    </Filter>
    <Filter Include="Network\MatchManager">
      <UniqueIdentifier>{50949258-4937-446c-8ffc-3c685ce9e7d9}</UniqueIdentifier>
    </Filter>
    <Filter Include="Network\IOCPManager">
      <UniqueIdentifier>{1973c782-3605-4a07-8e8f-edab6667d1ba}</UniqueIdentifier>
    </Filter>
    <Filter Include="GameLogicManager">
      <UniqueIdentifier>{ab3d4867-424a-4cf8-a998-b6a9b50ad7b3}</UniqueIdentifier>
    </Filter>
    <Filter Include="GameLogicManager\Stage">
      <UniqueIdentifier>{3c06990c-9970-46d7-9bab-afd57624413d}</UniqueIdentifier>
    </Filter>
    <Filter Include="GameLogicManager\CollisionManger">
      <UniqueIdentifier>{ce92539a-ee53-44b4-8b2a-969537950b07}</UniqueIdentifier>
    </Filter>
    <Filter Include="GameLogicManager\Entity">
      <UniqueIdentifier>{e6c78ebd-769e-440e-8f27-89c7f22d94f6}</UniqueIdentifier>
    </Filter>
    <Filter Include="GameLogicManager\Entity\Player">
      <UniqueIdentifier>{8f4b7133-7483-49f3-bfe0-ec81c7e48de9}</UniqueIdentifier>
    </Filter>
    <Filter Include="GameLogicManager\Entity\Skill">
      <UniqueIdentifier>{51b95a19-8556-40d6-97f6-7261fa16bf79}</UniqueIdentifier>
    </Filter>
  </ItemGroup>
  <ItemGroup>
    <ClCompile Include="main.cpp">
      <Filter>소스 파일</Filter>
    </ClCompile>
    <ClCompile Include="PlayerInfo.cpp">
      <Filter>GameLogicManager</Filter>
    </ClCompile>
    <ClCompile Include="Logger.cpp">
      <Filter>Logger</Filter>
    </ClCompile>
    <ClCompile Include="SessionManager.cpp">
      <Filter>Network\SessionManager</Filter>
    </ClCompile>
    <ClCompile Include="ClientSession.cpp">
      <Filter>Network\SessionManager\ClientSession</Filter>
    </ClCompile>
    <ClCompile Include="InGameManager.cpp">
      <Filter>Network\InGameManager</Filter>
    </ClCompile>
    <ClCompile Include="InGameRoom.cpp">
      <Filter>Network\InGameManager\InGameRoom</Filter>
    </ClCompile>
    <ClCompile Include="PacketManager.cpp">
      <Filter>Network\PacketManager</Filter>
    </ClCompile>
    <ClCompile Include="MatchManager.cpp">
      <Filter>Network\MatchManager</Filter>
    </ClCompile>
    <ClCompile Include="IOCPManager.cpp">
      <Filter>Network\IOCPManager</Filter>
    </ClCompile>
    <ClCompile Include="Player.cpp">
      <Filter>GameLogicManager\Entity\Player</Filter>
    </ClCompile>
    <ClCompile Include="CollisionManager.cpp">
      <Filter>GameLogicManager\CollisionManger</Filter>
    </ClCompile>
    <ClCompile Include="Stage.cpp">
      <Filter>GameLogicManager\Stage</Filter>
    </ClCompile>
    <ClCompile Include="GameLogicManager.cpp">
      <Filter>GameLogicManager</Filter>
    </ClCompile>
    <ClCompile Include="Skill.cpp">
      <Filter>GameLogicManager\Entity\Skill</Filter>
    </ClCompile>
    <ClCompile Include="Entity.cpp">
      <Filter>GameLogicManager\Entity</Filter>
    </ClCompile>
  </ItemGroup>
  <ItemGroup>
    <ClInclude Include="PlayerInfo.h">
      <Filter>GameLogicManager</Filter>
    </ClInclude>
    <ClInclude Include="stdafx.h">
      <Filter>Network\NetworkHeader</Filter>
    </ClInclude>
    <ClInclude Include="PacketList.h">
      <Filter>Network\NetworkHeader</Filter>
    </ClInclude>
    <ClInclude Include="TemplateSingleton.h">
      <Filter>Network\NetworkHeader</Filter>
    </ClInclude>
    <ClInclude Include="Logger.h">
      <Filter>Logger</Filter>
    </ClInclude>
    <ClInclude Include="SessionManager.h">
      <Filter>Network\SessionManager</Filter>
    </ClInclude>
    <ClInclude Include="ClientSession.h">
      <Filter>Network\SessionManager\ClientSession</Filter>
    </ClInclude>
    <ClInclude Include="InGameManager.h">
      <Filter>Network\InGameManager</Filter>
    </ClInclude>
    <ClInclude Include="InGameRoom.h">
      <Filter>Network\InGameManager\InGameRoom</Filter>
    </ClInclude>
    <ClInclude Include="PacketManager.h">
      <Filter>Network\PacketManager</Filter>
    </ClInclude>
    <ClInclude Include="MatchManager.h">
      <Filter>Network\MatchManager</Filter>
    </ClInclude>
    <ClInclude Include="IOCPManager.h">
      <Filter>Network\IOCPManager</Filter>
    </ClInclude>
    <ClInclude Include="CollisionManager.h">
      <Filter>GameLogicManager\CollisionManger</Filter>
    </ClInclude>
    <ClInclude Include="Player.h">
      <Filter>GameLogicManager\Entity\Player</Filter>
    </ClInclude>
    <ClInclude Include="Stage.h">
      <Filter>GameLogicManager\Stage</Filter>
    </ClInclude>
    <ClInclude Include="GameLogicManager.h">
      <Filter>GameLogicManager</Filter>
    </ClInclude>
    <ClInclude Include="Skill.h">
      <Filter>GameLogicManager\Entity\Skill</Filter>
    </ClInclude>
    <ClInclude Include="Entity.h">
      <Filter>GameLogicManager\Entity</Filter>
    </ClInclude>
  </ItemGroup>
  <ItemGroup>
    <None Include="ClassDiagram.cd" />
  </ItemGroup>
</Project>